
Microsoft Visual Studio Solution File, Format Version 12.00
# Visual Studio Version 16
VisualStudioVersion = 16.0.31410.357
MinimumVisualStudioVersion = 10.0.40219.1
Project("{FAE04EC0-301F-11D3-BF4B-00C04F79EFBC}") = "Адовые интерфейсы №18", "Адовые интерфейсы №18\Адовые интерфейсы №18.csproj", "{94B5A7DD-033A-47DF-B3CC-F0DB5D9331A7}"
EndProject
Global
	GlobalSection(SolutionConfigurationPlatforms) = preSolution
		Debug|Any CPU = Debug|Any CPU
		Release|Any CPU = Release|Any CPU
	EndGlobalSection
	GlobalSection(ProjectConfigurationPlatforms) = postSolution
		{94B5A7DD-033A-47DF-B3CC-F0DB5D9331A7}.Debug|Any CPU.ActiveCfg = Debug|Any CPU
		{94B5A7DD-033A-47DF-B3CC-F0DB5D9331A7}.Debug|Any CPU.Build.0 = Debug|Any CPU
		{94B5A7DD-033A-47DF-B3CC-F0DB5D9331A7}.Release|Any CPU.ActiveCfg = Release|Any CPU
		{94B5A7DD-033A-47DF-B3CC-F0DB5D9331A7}.Release|Any CPU.Build.0 = Release|Any CPU
	EndGlobalSection
	GlobalSection(SolutionProperties) = preSolution
		HideSolutionNode = FALSE
	EndGlobalSection
	GlobalSection(ExtensibilityGlobals) = postSolution
		SolutionGuid = {1C2C3FF5-68B5-41C9-AD4F-3E20C6609E8D}
	EndGlobalSection
EndGlobal
